
Microsoft Visual Studio Solution File, Format Version 12.00
# Visual Studio Version 16
VisualStudioVersion = 16.0.31205.134
MinimumVisualStudioVersion = 10.0.40219.1
Project("{9A19103F-16F7-4668-BE54-9A1E7A4F7556}") = "Sneakers", "Sneakers\Sneakers.csproj", "{59180A30-7F8D-45E7-BEF8-AD0075EEB354}"
EndProject
Project("{FAE04EC0-301F-11D3-BF4B-00C04F79EFBC}") = "Sneakers.Core.Data", "Sneakers.Core.Data\Sneakers.Core.Data.csproj", "{568A130C-05C4-42E6-A96A-00ABC872FFA0}"
EndProject
Global
	GlobalSection(SolutionConfigurationPlatforms) = preSolution
		Debug|Any CPU = Debug|Any CPU
		Release|Any CPU = Release|Any CPU
	EndGlobalSection
	GlobalSection(ProjectConfigurationPlatforms) = postSolution
		{59180A30-7F8D-45E7-BEF8-AD0075EEB354}.Debug|Any CPU.ActiveCfg = Debug|Any CPU
		{59180A30-7F8D-45E7-BEF8-AD0075EEB354}.Debug|Any CPU.Build.0 = Debug|Any CPU
		{59180A30-7F8D-45E7-BEF8-AD0075EEB354}.Release|Any CPU.ActiveCfg = Release|Any CPU
		{59180A30-7F8D-45E7-BEF8-AD0075EEB354}.Release|Any CPU.Build.0 = Release|Any CPU
		{568A130C-05C4-42E6-A96A-00ABC872FFA0}.Debug|Any CPU.ActiveCfg = Debug|Any CPU
		{568A130C-05C4-42E6-A96A-00ABC872FFA0}.Debug|Any CPU.Build.0 = Debug|Any CPU
		{568A130C-05C4-42E6-A96A-00ABC872FFA0}.Release|Any CPU.ActiveCfg = Release|Any CPU
		{568A130C-05C4-42E6-A96A-00ABC872FFA0}.Release|Any CPU.Build.0 = Release|Any CPU
	EndGlobalSection
	GlobalSection(SolutionProperties) = preSolution
		HideSolutionNode = FALSE
	EndGlobalSection
	GlobalSection(ExtensibilityGlobals) = postSolution
		SolutionGuid = {874F987C-3E73-4B71-BCB1-8E7462FBC683}
	EndGlobalSection
EndGlobal
